
Microsoft Visual Studio Solution File, Format Version 12.00
# Visual Studio Version 17
VisualStudioVersion = 17.9.34728.123
MinimumVisualStudioVersion = 10.0.40219.1
Project("{FAE04EC0-301F-11D3-BF4B-00C04F79EFBC}") = "labb10", "labb10.csproj", "{08750F10-88B6-4450-9780-8E3B7301F88F}"
EndProject
Global
	GlobalSection(SolutionConfigurationPlatforms) = preSolution
		Debug|Any CPU = Debug|Any CPU
		Release|Any CPU = Release|Any CPU
	EndGlobalSection
	GlobalSection(ProjectConfigurationPlatforms) = postSolution
		{08750F10-88B6-4450-9780-8E3B7301F88F}.Debug|Any CPU.ActiveCfg = Debug|Any CPU
		{08750F10-88B6-4450-9780-8E3B7301F88F}.Debug|Any CPU.Build.0 = Debug|Any CPU
		{08750F10-88B6-4450-9780-8E3B7301F88F}.Release|Any CPU.ActiveCfg = Release|Any CPU
		{08750F10-88B6-4450-9780-8E3B7301F88F}.Release|Any CPU.Build.0 = Release|Any CPU
	EndGlobalSection
	GlobalSection(SolutionProperties) = preSolution
		HideSolutionNode = FALSE
	EndGlobalSection
	GlobalSection(ExtensibilityGlobals) = postSolution
		SolutionGuid = {7A03011E-F190-4B3E-AEDF-8CCF206175C9}
	EndGlobalSection
EndGlobal
