
Microsoft Visual Studio Solution File, Format Version 12.00
# Visual Studio Version 17
VisualStudioVersion = 17.9.34728.123
MinimumVisualStudioVersion = 10.0.40219.1
Project("{FAE04EC0-301F-11D3-BF4B-00C04F79EFBC}") = "mod-lab10-ufo", "mod-lab10-ufo\mod-lab10-ufo.csproj", "{30AF8D5A-E3D8-42FD-A562-5D357AD2BD58}"
EndProject
Global
	GlobalSection(SolutionConfigurationPlatforms) = preSolution
		Debug|Any CPU = Debug|Any CPU
		Release|Any CPU = Release|Any CPU
	EndGlobalSection
	GlobalSection(ProjectConfigurationPlatforms) = postSolution
		{30AF8D5A-E3D8-42FD-A562-5D357AD2BD58}.Debug|Any CPU.ActiveCfg = Debug|Any CPU
		{30AF8D5A-E3D8-42FD-A562-5D357AD2BD58}.Debug|Any CPU.Build.0 = Debug|Any CPU
		{30AF8D5A-E3D8-42FD-A562-5D357AD2BD58}.Release|Any CPU.ActiveCfg = Release|Any CPU
		{30AF8D5A-E3D8-42FD-A562-5D357AD2BD58}.Release|Any CPU.Build.0 = Release|Any CPU
	EndGlobalSection
	GlobalSection(SolutionProperties) = preSolution
		HideSolutionNode = FALSE
	EndGlobalSection
	GlobalSection(ExtensibilityGlobals) = postSolution
		SolutionGuid = {81C1094C-C3F8-4FC9-806E-45216371ECAD}
	EndGlobalSection
EndGlobal
