
Microsoft Visual Studio Solution File, Format Version 12.00
# Visual Studio Version 17
VisualStudioVersion = 17.9.34728.123
MinimumVisualStudioVersion = 10.0.40219.1
Project("{FAE04EC0-301F-11D3-BF4B-00C04F79EFBC}") = "StraightLineMotionApp", "StraightLineMotionApp\StraightLineMotionApp.csproj", "{B658BEF4-7C4A-443E-A26F-E6B7B235721F}"
EndProject
Global
	GlobalSection(SolutionConfigurationPlatforms) = preSolution
		Debug|Any CPU = Debug|Any CPU
		Release|Any CPU = Release|Any CPU
	EndGlobalSection
	GlobalSection(ProjectConfigurationPlatforms) = postSolution
		{B658BEF4-7C4A-443E-A26F-E6B7B235721F}.Debug|Any CPU.ActiveCfg = Debug|Any CPU
		{B658BEF4-7C4A-443E-A26F-E6B7B235721F}.Debug|Any CPU.Build.0 = Debug|Any CPU
		{B658BEF4-7C4A-443E-A26F-E6B7B235721F}.Release|Any CPU.ActiveCfg = Release|Any CPU
		{B658BEF4-7C4A-443E-A26F-E6B7B235721F}.Release|Any CPU.Build.0 = Release|Any CPU
	EndGlobalSection
	GlobalSection(SolutionProperties) = preSolution
		HideSolutionNode = FALSE
	EndGlobalSection
	GlobalSection(ExtensibilityGlobals) = postSolution
		SolutionGuid = {1BFEF2F0-C5D2-497E-B6EB-5E7E0BFDC596}
	EndGlobalSection
EndGlobal
