
Microsoft Visual Studio Solution File, Format Version 12.00
# Visual Studio Version 16
VisualStudioVersion = 16.0.31624.102
MinimumVisualStudioVersion = 10.0.40219.1
Project("{FAE04EC0-301F-11D3-BF4B-00C04F79EFBC}") = "tochno10", "tochno10.csproj", "{95DB9DCC-66A3-4D8D-A21B-B5ACFA45191F}"
EndProject
Global
	GlobalSection(SolutionConfigurationPlatforms) = preSolution
		Debug|Any CPU = Debug|Any CPU
		Release|Any CPU = Release|Any CPU
	EndGlobalSection
	GlobalSection(ProjectConfigurationPlatforms) = postSolution
		{95DB9DCC-66A3-4D8D-A21B-B5ACFA45191F}.Debug|Any CPU.ActiveCfg = Debug|Any CPU
		{95DB9DCC-66A3-4D8D-A21B-B5ACFA45191F}.Debug|Any CPU.Build.0 = Debug|Any CPU
		{95DB9DCC-66A3-4D8D-A21B-B5ACFA45191F}.Release|Any CPU.ActiveCfg = Release|Any CPU
		{95DB9DCC-66A3-4D8D-A21B-B5ACFA45191F}.Release|Any CPU.Build.0 = Release|Any CPU
	EndGlobalSection
	GlobalSection(SolutionProperties) = preSolution
		HideSolutionNode = FALSE
	EndGlobalSection
	GlobalSection(ExtensibilityGlobals) = postSolution
		SolutionGuid = {4EDD8658-CA15-43AA-97F5-36E117D1F39F}
	EndGlobalSection
EndGlobal
