
Microsoft Visual Studio Solution File, Format Version 12.00
# Visual Studio Version 16
VisualStudioVersion = 16.0.30503.244
MinimumVisualStudioVersion = 10.0.40219.1
Project("{FAE04EC0-301F-11D3-BF4B-00C04F79EFBC}") = "LineDrawing", "LineDrawing\LineDrawing.csproj", "{28A2DBF0-5D3E-4244-8EB6-A80B161D9C19}"
EndProject
Global
	GlobalSection(SolutionConfigurationPlatforms) = preSolution
		Debug|Any CPU = Debug|Any CPU
		Release|Any CPU = Release|Any CPU
	EndGlobalSection
	GlobalSection(ProjectConfigurationPlatforms) = postSolution
		{28A2DBF0-5D3E-4244-8EB6-A80B161D9C19}.Debug|Any CPU.ActiveCfg = Debug|Any CPU
		{28A2DBF0-5D3E-4244-8EB6-A80B161D9C19}.Debug|Any CPU.Build.0 = Debug|Any CPU
		{28A2DBF0-5D3E-4244-8EB6-A80B161D9C19}.Release|Any CPU.ActiveCfg = Release|Any CPU
		{28A2DBF0-5D3E-4244-8EB6-A80B161D9C19}.Release|Any CPU.Build.0 = Release|Any CPU
	EndGlobalSection
	GlobalSection(SolutionProperties) = preSolution
		HideSolutionNode = FALSE
	EndGlobalSection
	GlobalSection(ExtensibilityGlobals) = postSolution
		SolutionGuid = {5E5C62FA-A911-4CA6-AA89-EF5C569CC283}
	EndGlobalSection
EndGlobal
