
Microsoft Visual Studio Solution File, Format Version 12.00
# Visual Studio Version 16
VisualStudioVersion = 16.0.31702.278
MinimumVisualStudioVersion = 10.0.40219.1
Project("{FAE04EC0-301F-11D3-BF4B-00C04F79EFBC}") = "Graph", "Graph.csproj", "{970A3F01-F41B-4B67-B010-72EBADC02560}"
EndProject
Global
	GlobalSection(SolutionConfigurationPlatforms) = preSolution
		Debug|Any CPU = Debug|Any CPU
		Release|Any CPU = Release|Any CPU
	EndGlobalSection
	GlobalSection(ProjectConfigurationPlatforms) = postSolution
		{970A3F01-F41B-4B67-B010-72EBADC02560}.Debug|Any CPU.ActiveCfg = Debug|Any CPU
		{970A3F01-F41B-4B67-B010-72EBADC02560}.Debug|Any CPU.Build.0 = Debug|Any CPU
		{970A3F01-F41B-4B67-B010-72EBADC02560}.Release|Any CPU.ActiveCfg = Release|Any CPU
		{970A3F01-F41B-4B67-B010-72EBADC02560}.Release|Any CPU.Build.0 = Release|Any CPU
	EndGlobalSection
	GlobalSection(SolutionProperties) = preSolution
		HideSolutionNode = FALSE
	EndGlobalSection
	GlobalSection(ExtensibilityGlobals) = postSolution
		SolutionGuid = {E3037433-B3EB-4EFC-B4EA-4F0DB0D001B9}
	EndGlobalSection
EndGlobal
