
Microsoft Visual Studio Solution File, Format Version 12.00
# Visual Studio Version 16
VisualStudioVersion = 16.0.31702.278
MinimumVisualStudioVersion = 10.0.40219.1
Project("{FAE04EC0-301F-11D3-BF4B-00C04F79EFBC}") = "WindowsFormsApp3", "WindowsFormsApp3.csproj", "{B9877594-4674-44BE-8498-02D7F9EFA0CB}"
EndProject
Global
	GlobalSection(SolutionConfigurationPlatforms) = preSolution
		Debug|Any CPU = Debug|Any CPU
		Release|Any CPU = Release|Any CPU
	EndGlobalSection
	GlobalSection(ProjectConfigurationPlatforms) = postSolution
		{B9877594-4674-44BE-8498-02D7F9EFA0CB}.Debug|Any CPU.ActiveCfg = Debug|Any CPU
		{B9877594-4674-44BE-8498-02D7F9EFA0CB}.Debug|Any CPU.Build.0 = Debug|Any CPU
		{B9877594-4674-44BE-8498-02D7F9EFA0CB}.Release|Any CPU.ActiveCfg = Release|Any CPU
		{B9877594-4674-44BE-8498-02D7F9EFA0CB}.Release|Any CPU.Build.0 = Release|Any CPU
	EndGlobalSection
	GlobalSection(SolutionProperties) = preSolution
		HideSolutionNode = FALSE
	EndGlobalSection
	GlobalSection(ExtensibilityGlobals) = postSolution
		SolutionGuid = {112ED4C7-CB4C-4AED-9F4D-24710E6EFF0F}
	EndGlobalSection
EndGlobal
